
Microsoft Visual Studio Solution File, Format Version 12.00
# Visual Studio Version 17
VisualStudioVersion = 17.9.34616.47
MinimumVisualStudioVersion = 10.0.40219.1
Project("{FAE04EC0-301F-11D3-BF4B-00C04F79EFBC}") = "BitcoinQuery.DesktopClient", "BitcoinQuery.DesktopClient\BitcoinQuery.DesktopClient.csproj", "{EB952841-C0B5-4C38-B1DC-D113EF2E9633}"
EndProject
Project("{9A19103F-16F7-4668-BE54-9A1E7A4F7556}") = "BitcoinQuery.WebGateway", "BitcoinQuery.WebGateway\BitcoinQuery.WebGateway.csproj", "{B3BF938D-9E91-4D05-B91E-01F6BCE60221}"
EndProject
Project("{FAE04EC0-301F-11D3-BF4B-00C04F79EFBC}") = "BitcoinQuery.Service", "BitcoinQuery.Service\BitcoinQuery.Service.csproj", "{6E4B03B6-164F-485A-9538-C41FCD155604}"
EndProject
Global
	GlobalSection(SolutionConfigurationPlatforms) = preSolution
		Debug|Any CPU = Debug|Any CPU
		Release|Any CPU = Release|Any CPU
	EndGlobalSection
	GlobalSection(ProjectConfigurationPlatforms) = postSolution
		{EB952841-C0B5-4C38-B1DC-D113EF2E9633}.Debug|Any CPU.ActiveCfg = Debug|Any CPU
		{EB952841-C0B5-4C38-B1DC-D113EF2E9633}.Debug|Any CPU.Build.0 = Debug|Any CPU
		{EB952841-C0B5-4C38-B1DC-D113EF2E9633}.Release|Any CPU.ActiveCfg = Release|Any CPU
		{EB952841-C0B5-4C38-B1DC-D113EF2E9633}.Release|Any CPU.Build.0 = Release|Any CPU
		{B3BF938D-9E91-4D05-B91E-01F6BCE60221}.Debug|Any CPU.ActiveCfg = Debug|Any CPU
		{B3BF938D-9E91-4D05-B91E-01F6BCE60221}.Debug|Any CPU.Build.0 = Debug|Any CPU
		{B3BF938D-9E91-4D05-B91E-01F6BCE60221}.Release|Any CPU.ActiveCfg = Release|Any CPU
		{B3BF938D-9E91-4D05-B91E-01F6BCE60221}.Release|Any CPU.Build.0 = Release|Any CPU
		{6E4B03B6-164F-485A-9538-C41FCD155604}.Debug|Any CPU.ActiveCfg = Debug|Any CPU
		{6E4B03B6-164F-485A-9538-C41FCD155604}.Debug|Any CPU.Build.0 = Debug|Any CPU
		{6E4B03B6-164F-485A-9538-C41FCD155604}.Release|Any CPU.ActiveCfg = Release|Any CPU
		{6E4B03B6-164F-485A-9538-C41FCD155604}.Release|Any CPU.Build.0 = Release|Any CPU
	EndGlobalSection
	GlobalSection(SolutionProperties) = preSolution
		HideSolutionNode = FALSE
	EndGlobalSection
	GlobalSection(ExtensibilityGlobals) = postSolution
		SolutionGuid = {0E652F24-7A0B-4C35-A261-8543BE9C8BF7}
	EndGlobalSection
EndGlobal
